
Microsoft Visual Studio Solution File, Format Version 12.00
# Visual Studio 15
VisualStudioVersion = 15.0.27428.2015
MinimumVisualStudioVersion = 10.0.40219.1
Project("{FAE04EC0-301F-11D3-BF4B-00C04F79EFBC}") = "ex1", "ex1\ex1.csproj", "{FF38EA5A-2F2B-418E-91D1-F46528481608}"
EndProject
Global
	GlobalSection(SolutionConfigurationPlatforms) = preSolution
		Debug|Any CPU = Debug|Any CPU
		Release|Any CPU = Release|Any CPU
	EndGlobalSection
	GlobalSection(ProjectConfigurationPlatforms) = postSolution
		{FF38EA5A-2F2B-418E-91D1-F46528481608}.Debug|Any CPU.ActiveCfg = Debug|Any CPU
		{FF38EA5A-2F2B-418E-91D1-F46528481608}.Debug|Any CPU.Build.0 = Debug|Any CPU
		{FF38EA5A-2F2B-418E-91D1-F46528481608}.Release|Any CPU.ActiveCfg = Release|Any CPU
		{FF38EA5A-2F2B-418E-91D1-F46528481608}.Release|Any CPU.Build.0 = Release|Any CPU
	EndGlobalSection
	GlobalSection(SolutionProperties) = preSolution
		HideSolutionNode = FALSE
	EndGlobalSection
	GlobalSection(ExtensibilityGlobals) = postSolution
		SolutionGuid = {265774B4-7013-472F-88F6-E114371F24CD}
	EndGlobalSection
EndGlobal
